
Microsoft Visual Studio Solution File, Format Version 12.00
# Visual Studio Version 17
VisualStudioVersion = 17.3.32929.385
MinimumVisualStudioVersion = 10.0.40219.1
Project("{FAE04EC0-301F-11D3-BF4B-00C04F79EFBC}") = "Schreitica", "Schreitica\Schreitica.csproj", "{CC436EA0-68E2-4A6B-96D3-33343EF0C37F}"
EndProject
Global
	GlobalSection(SolutionConfigurationPlatforms) = preSolution
		Debug|Any CPU = Debug|Any CPU
		Release|Any CPU = Release|Any CPU
	EndGlobalSection
	GlobalSection(ProjectConfigurationPlatforms) = postSolution
		{CC436EA0-68E2-4A6B-96D3-33343EF0C37F}.Debug|Any CPU.ActiveCfg = Debug|Any CPU
		{CC436EA0-68E2-4A6B-96D3-33343EF0C37F}.Debug|Any CPU.Build.0 = Debug|Any CPU
		{CC436EA0-68E2-4A6B-96D3-33343EF0C37F}.Release|Any CPU.ActiveCfg = Release|Any CPU
		{CC436EA0-68E2-4A6B-96D3-33343EF0C37F}.Release|Any CPU.Build.0 = Release|Any CPU
	EndGlobalSection
	GlobalSection(SolutionProperties) = preSolution
		HideSolutionNode = FALSE
	EndGlobalSection
	GlobalSection(ExtensibilityGlobals) = postSolution
		SolutionGuid = {20A3907F-8A95-44FE-9E14-B28349DF430D}
	EndGlobalSection
EndGlobal
